// !$*UTF8*$!
{
	archiveVersion = 1;
	classes = {
	};
	objectVersion = 56;
	objects = {

/* Begin PBXBuildFile section */
		111A496A293FBB8E00035258 /* Pruebas_GitHubApp.swift in Sources */ = {isa = PBXBuildFile; fileRef = 111A4969293FBB8E00035258 /* Pruebas_GitHubApp.swift */; };
		111A496C293FBB8E00035258 /* ContentView.swift in Sources */ = {isa = PBXBuildFile; fileRef = 111A496B293FBB8E00035258 /* ContentView.swift */; };
		111A496E293FBB9100035258 /* Assets.xcassets in Resources */ = {isa = PBXBuildFile; fileRef = 111A496D293FBB9100035258 /* Assets.xcassets */; };
		111A4971293FBB9100035258 /* Preview Assets.xcassets in Resources */ = {isa = PBXBuildFile; fileRef = 111A4970293FBB9100035258 /* Preview Assets.xcassets */; };
		111A4973293FBB9100035258 /* Persistence.swift in Sources */ = {isa = PBXBuildFile; fileRef = 111A4972293FBB9100035258 /* Persistence.swift */; };
		111A4976293FBB9100035258 /* Pruebas_GitHub.xcdatamodeld in Sources */ = {isa = PBXBuildFile; fileRef = 111A4974293FBB9100035258 /* Pruebas_GitHub.xcdatamodeld */; };
		111A4980293FBB9100035258 /* Pruebas_GitHubTests.swift in Sources */ = {isa = PBXBuildFile; fileRef = 111A497F293FBB9100035258 /* Pruebas_GitHubTests.swift */; };
		111A498A293FBB9100035258 /* Pruebas_GitHubUITests.swift in Sources */ = {isa = PBXBuildFile; fileRef = 111A4989293FBB9100035258 /* Pruebas_GitHubUITests.swift */; };
		111A498C293FBB9100035258 /* Pruebas_GitHubUITestsLaunchTests.swift in Sources */ = {isa = PBXBuildFile; fileRef = 111A498B293FBB9100035258 /* Pruebas_GitHubUITestsLaunchTests.swift */; };
/* End PBXBuildFile section */

/* Begin PBXContainerItemProxy section */
		111A497C293FBB9100035258 /* PBXContainerItemProxy */ = {
			isa = PBXContainerItemProxy;
			containerPortal = 111A495E293FBB8D00035258 /* Project object */;
			proxyType = 1;
			remoteGlobalIDString = 111A4965293FBB8E00035258;
			remoteInfo = "Pruebas GitHub";
		};
		111A4986293FBB9100035258 /* PBXContainerItemProxy */ = {
			isa = PBXContainerItemProxy;
			containerPortal = 111A495E293FBB8D00035258 /* Project object */;
			proxyType = 1;
			remoteGlobalIDString = 111A4965293FBB8E00035258;
			remoteInfo = "Pruebas GitHub";
		};
/* End PBXContainerItemProxy section */

/* Begin PBXFileReference section */
		111A4966293FBB8E00035258 /* Pruebas GitHub.app */ = {isa = PBXFileReference; explicitFileType = wrapper.application; includeInIndex = 0; path = "Pruebas GitHub.app"; sourceTree = BUILT_PRODUCTS_DIR; };
		111A4969293FBB8E00035258 /* Pruebas_GitHubApp.swift */ = {isa = PBXFileReference; lastKnownFileType = sourcecode.swift; path = Pruebas_GitHubApp.swift; sourceTree = "<group>"; };
		111A496B293FBB8E00035258 /* ContentView.swift */ = {isa = PBXFileReference; lastKnownFileType = sourcecode.swift; path = ContentView.swift; sourceTree = "<group>"; };
		111A496D293FBB9100035258 /* Assets.xcassets */ = {isa = PBXFileReference; lastKnownFileType = folder.assetcatalog; path = Assets.xcassets; sourceTree = "<group>"; };
		111A4970293FBB9100035258 /* Preview Assets.xcassets */ = {isa = PBXFileReference; lastKnownFileType = folder.assetcatalog; path = "Preview Assets.xcassets"; sourceTree = "<group>"; };
		111A4972293FBB9100035258 /* Persistence.swift */ = {isa = PBXFileReference; lastKnownFileType = sourcecode.swift; path = Persistence.swift; sourceTree = "<group>"; };
		111A4975293FBB9100035258 /* Pruebas_GitHub.xcdatamodel */ = {isa = PBXFileReference; lastKnownFileType = wrapper.xcdatamodel; path = Pruebas_GitHub.xcdatamodel; sourceTree = "<group>"; };
		111A497B293FBB9100035258 /* Pruebas GitHubTests.xctest */ = {isa = PBXFileReference; explicitFileType = wrapper.cfbundle; includeInIndex = 0; path = "Pruebas GitHubTests.xctest"; sourceTree = BUILT_PRODUCTS_DIR; };
		111A497F293FBB9100035258 /* Pruebas_GitHubTests.swift */ = {isa = PBXFileReference; lastKnownFileType = sourcecode.swift; path = Pruebas_GitHubTests.swift; sourceTree = "<group>"; };
		111A4985293FBB9100035258 /* Pruebas GitHubUITests.xctest */ = {isa = PBXFileReference; explicitFileType = wrapper.cfbundle; includeInIndex = 0; path = "Pruebas GitHubUITests.xctest"; sourceTree = BUILT_PRODUCTS_DIR; };
		111A4989293FBB9100035258 /* Pruebas_GitHubUITests.swift */ = {isa = PBXFileReference; lastKnownFileType = sourcecode.swift; path = Pruebas_GitHubUITests.swift; sourceTree = "<group>"; };
		111A498B293FBB9100035258 /* Pruebas_GitHubUITestsLaunchTests.swift */ = {isa = PBXFileReference; lastKnownFileType = sourcecode.swift; path = Pruebas_GitHubUITestsLaunchTests.swift; sourceTree = "<group>"; };
/* End PBXFileReference section */

/* Begin PBXFrameworksBuildPhase section */
		111A4963293FBB8E00035258 /* Frameworks */ = {
			isa = PBXFrameworksBuildPhase;
			buildActionMask = 2147483647;
			files = (
			);
			runOnlyForDeploymentPostprocessing = 0;
		};
		111A4978293FBB9100035258 /* Frameworks */ = {
			isa = PBXFrameworksBuildPhase;
			buildActionMask = 2147483647;
			files = (
			);
			runOnlyForDeploymentPostprocessing = 0;
		};
		111A4982293FBB9100035258 /* Frameworks */ = {
			isa = PBXFrameworksBuildPhase;
			buildActionMask = 2147483647;
			files = (
			);
			runOnlyForDeploymentPostprocessing = 0;
		};
/* End PBXFrameworksBuildPhase section */

/* Begin PBXGroup section */
		111A495D293FBB8D00035258 = {
			isa = PBXGroup;
			children = (
				111A4968293FBB8E00035258 /* Pruebas GitHub */,
				111A497E293FBB9100035258 /* Pruebas GitHubTests */,
				111A4988293FBB9100035258 /* Pruebas GitHubUITests */,
				111A4967293FBB8E00035258 /* Products */,
			);
			sourceTree = "<group>";
		};
		111A4967293FBB8E00035258 /* Products */ = {
			isa = PBXGroup;
			children = (
				111A4966293FBB8E00035258 /* Pruebas GitHub.app */,
				111A497B293FBB9100035258 /* Pruebas GitHubTests.xctest */,
				111A4985293FBB9100035258 /* Pruebas GitHubUITests.xctest */,
			);
			name = Products;
			sourceTree = "<group>";
		};
		111A4968293FBB8E00035258 /* Pruebas GitHub */ = {
			isa = PBXGroup;
			children = (
				111A4969293FBB8E00035258 /* Pruebas_GitHubApp.swift */,
				111A496B293FBB8E00035258 /* ContentView.swift */,
				111A496D293FBB9100035258 /* Assets.xcassets */,
				111A4972293FBB9100035258 /* Persistence.swift */,
				111A4974293FBB9100035258 /* Pruebas_GitHub.xcdatamodeld */,
				111A496F293FBB9100035258 /* Preview Content */,
			);
			path = "Pruebas GitHub";
			sourceTree = "<group>";
		};
		111A496F293FBB9100035258 /* Preview Content */ = {
			isa = PBXGroup;
			children = (
				111A4970293FBB9100035258 /* Preview Assets.xcassets */,
			);
			path = "Preview Content";
			sourceTree = "<group>";
		};
		111A497E293FBB9100035258 /* Pruebas GitHubTests */ = {
			isa = PBXGroup;
			children = (
				111A497F293FBB9100035258 /* Pruebas_GitHubTests.swift */,
			);
			path = "Pruebas GitHubTests";
			sourceTree = "<group>";
		};
		111A4988293FBB9100035258 /* Pruebas GitHubUITests */ = {
			isa = PBXGroup;
			children = (
				111A4989293FBB9100035258 /* Pruebas_GitHubUITests.swift */,
				111A498B293FBB9100035258 /* Pruebas_GitHubUITestsLaunchTests.swift */,
			);
			path = "Pruebas GitHubUITests";
			sourceTree = "<group>";
		};
/* End PBXGroup section */

/* Begin PBXNativeTarget section */
		111A4965293FBB8E00035258 /* Pruebas GitHub */ = {
			isa = PBXNativeTarget;
			buildConfigurationList = 111A498F293FBB9100035258 /* Build configuration list for PBXNativeTarget "Pruebas GitHub" */;
			buildPhases = (
				111A4962293FBB8E00035258 /* Sources */,
				111A4963293FBB8E00035258 /* Frameworks */,
				111A4964293FBB8E00035258 /* Resources */,
			);
			buildRules = (
			);
			dependencies = (
			);
			name = "Pruebas GitHub";
			productName = "Pruebas GitHub";
			productReference = 111A4966293FBB8E00035258 /* Pruebas GitHub.app */;
			productType = "com.apple.product-type.application";
		};
		111A497A293FBB9100035258 /* Pruebas GitHubTests */ = {
			isa = PBXNativeTarget;
			buildConfigurationList = 111A4992293FBB9100035258 /* Build configuration list for PBXNativeTarget "Pruebas GitHubTests" */;
			buildPhases = (
				111A4977293FBB9100035258 /* Sources */,
				111A4978293FBB9100035258 /* Frameworks */,
				111A4979293FBB9100035258 /* Resources */,
			);
			buildRules = (
			);
			dependencies = (
				111A497D293FBB9100035258 /* PBXTargetDependency */,
			);
			name = "Pruebas GitHubTests";
			productName = "Pruebas GitHubTests";
			productReference = 111A497B293FBB9100035258 /* Pruebas GitHubTests.xctest */;
			productType = "com.apple.product-type.bundle.unit-test";
		};
		111A4984293FBB9100035258 /* Pruebas GitHubUITests */ = {
			isa = PBXNativeTarget;
			buildConfigurationList = 111A4995293FBB9100035258 /* Build configuration list for PBXNativeTarget "Pruebas GitHubUITests" */;
			buildPhases = (
				111A4981293FBB9100035258 /* Sources */,
				111A4982293FBB9100035258 /* Frameworks */,
				111A4983293FBB9100035258 /* Resources */,
			);
			buildRules = (
			);
			dependencies = (
				111A4987293FBB9100035258 /* PBXTargetDependency */,
			);
			name = "Pruebas GitHubUITests";
			productName = "Pruebas GitHubUITests";
			productReference = 111A4985293FBB9100035258 /* Pruebas GitHubUITests.xctest */;
			productType = "com.apple.product-type.bundle.ui-testing";
		};
/* End PBXNativeTarget section */

/* Begin PBXProject section */
		111A495E293FBB8D00035258 /* Project object */ = {
			isa = PBXProject;
			attributes = {
				BuildIndependentTargetsInParallel = 1;
				LastSwiftUpdateCheck = 1410;
				LastUpgradeCheck = 1410;
				TargetAttributes = {
					111A4965293FBB8E00035258 = {
						CreatedOnToolsVersion = 14.1;
					};
					111A497A293FBB9100035258 = {
						CreatedOnToolsVersion = 14.1;
						TestTargetID = 111A4965293FBB8E00035258;
					};
					111A4984293FBB9100035258 = {
						CreatedOnToolsVersion = 14.1;
						TestTargetID = 111A4965293FBB8E00035258;
					};
				};
			};
			buildConfigurationList = 111A4961293FBB8D00035258 /* Build configuration list for PBXProject "Pruebas GitHub" */;
			compatibilityVersion = "Xcode 14.0";
			developmentRegion = en;
			hasScannedForEncodings = 0;
			knownRegions = (
				en,
				Base,
			);
			mainGroup = 111A495D293FBB8D00035258;
			productRefGroup = 111A4967293FBB8E00035258 /* Products */;
			projectDirPath = "";
			projectRoot = "";
			targets = (
				111A4965293FBB8E00035258 /* Pruebas GitHub */,
				111A497A293FBB9100035258 /* Pruebas GitHubTests */,
				111A4984293FBB9100035258 /* Pruebas GitHubUITests */,
			);
		};
/* End PBXProject section */

/* Begin PBXResourcesBuildPhase section */
		111A4964293FBB8E00035258 /* Resources */ = {
			isa = PBXResourcesBuildPhase;
			buildActionMask = 2147483647;
			files = (
				111A4971293FBB9100035258 /* Preview Assets.xcassets in Resources */,
				111A496E293FBB9100035258 /* Assets.xcassets in Resources */,
			);
			runOnlyForDeploymentPostprocessing = 0;
		};
		111A4979293FBB9100035258 /* Resources */ = {
			isa = PBXResourcesBuildPhase;
			buildActionMask = 2147483647;
			files = (
			);
			runOnlyForDeploymentPostprocessing = 0;
		};
		111A4983293FBB9100035258 /* Resources */ = {
			isa = PBXResourcesBuildPhase;
			buildActionMask = 2147483647;
			files = (
			);
			runOnlyForDeploymentPostprocessing = 0;
		};
/* End PBXResourcesBuildPhase section */

/* Begin PBXSourcesBuildPhase section */
		111A4962293FBB8E00035258 /* Sources */ = {
			isa = PBXSourcesBuildPhase;
			buildActionMask = 2147483647;
			files = (
				111A4973293FBB9100035258 /* Persistence.swift in Sources */,
				111A496C293FBB8E00035258 /* ContentView.swift in Sources */,
				111A496A293FBB8E00035258 /* Pruebas_GitHubApp.swift in Sources */,
				111A4976293FBB9100035258 /* Pruebas_GitHub.xcdatamodeld in Sources */,
			);
			runOnlyForDeploymentPostprocessing = 0;
		};
		111A4977293FBB9100035258 /* Sources */ = {
			isa = PBXSourcesBuildPhase;
			buildActionMask = 2147483647;
			files = (
				111A4980293FBB9100035258 /* Pruebas_GitHubTests.swift in Sources */,
			);
			runOnlyForDeploymentPostprocessing = 0;
		};
		111A4981293FBB9100035258 /* Sources */ = {
			isa = PBXSourcesBuildPhase;
			buildActionMask = 2147483647;
			files = (
				111A498C293FBB9100035258 /* Pruebas_GitHubUITestsLaunchTests.swift in Sources */,
				111A498A293FBB9100035258 /* Pruebas_GitHubUITests.swift in Sources */,
			);
			runOnlyForDeploymentPostprocessing = 0;
		};
/* End PBXSourcesBuildPhase section */

/* Begin PBXTargetDependency section */
		111A497D293FBB9100035258 /* PBXTargetDependency */ = {
			isa = PBXTargetDependency;
			target = 111A4965293FBB8E00035258 /* Pruebas GitHub */;
			targetProxy = 111A497C293FBB9100035258 /* PBXContainerItemProxy */;
		};
		111A4987293FBB9100035258 /* PBXTargetDependency */ = {
			isa = PBXTargetDependency;
			target = 111A4965293FBB8E00035258 /* Pruebas GitHub */;
			targetProxy = 111A4986293FBB9100035258 /* PBXContainerItemProxy */;
		};
/* End PBXTargetDependency section */

/* Begin XCBuildConfiguration section */
		111A498D293FBB9100035258 /* Debug */ = {
			isa = XCBuildConfiguration;
			buildSettings = {
				ALWAYS_SEARCH_USER_PATHS = NO;
				CLANG_ANALYZER_NONNULL = YES;
				CLANG_ANALYZER_NUMBER_OBJECT_CONVERSION = YES_AGGRESSIVE;
				CLANG_CXX_LANGUAGE_STANDARD = "gnu++20";
				CLANG_ENABLE_MODULES = YES;
				CLANG_ENABLE_OBJC_ARC = YES;
				CLANG_ENABLE_OBJC_WEAK = YES;
				CLANG_WARN_BLOCK_CAPTURE_AUTORELEASING = YES;
				CLANG_WARN_BOOL_CONVERSION = YES;
				CLANG_WARN_COMMA = YES;
				CLANG_WARN_CONSTANT_CONVERSION = YES;
				CLANG_WARN_DEPRECATED_OBJC_IMPLEMENTATIONS = YES;
				CLANG_WARN_DIRECT_OBJC_ISA_USAGE = YES_ERROR;
				CLANG_WARN_DOCUMENTATION_COMMENTS = YES;
				CLANG_WARN_EMPTY_BODY = YES;
				CLANG_WARN_ENUM_CONVERSION = YES;
				CLANG_WARN_INFINITE_RECURSION = YES;
				CLANG_WARN_INT_CONVERSION = YES;
				CLANG_WARN_NON_LITERAL_NULL_CONVERSION = YES;
				CLANG_WARN_OBJC_IMPLICIT_RETAIN_SELF = YES;
				CLANG_WARN_OBJC_LITERAL_CONVERSION = YES;
				CLANG_WARN_OBJC_ROOT_CLASS = YES_ERROR;
				CLANG_WARN_QUOTED_INCLUDE_IN_FRAMEWORK_HEADER = YES;
				CLANG_WARN_RANGE_LOOP_ANALYSIS = YES;
				CLANG_WARN_STRICT_PROTOTYPES = YES;
				CLANG_WARN_SUSPICIOUS_MOVE = YES;
				CLANG_WARN_UNGUARDED_AVAILABILITY = YES_AGGRESSIVE;
				CLANG_WARN_UNREACHABLE_CODE = YES;
				CLANG_WARN__DUPLICATE_METHOD_MATCH = YES;
				COPY_PHASE_STRIP = NO;
				DEBUG_INFORMATION_FORMAT = dwarf;
				ENABLE_STRICT_OBJC_MSGSEND = YES;
				ENABLE_TESTABILITY = YES;
				GCC_C_LANGUAGE_STANDARD = gnu11;
				GCC_DYNAMIC_NO_PIC = NO;
				GCC_NO_COMMON_BLOCKS = YES;
				GCC_OPTIMIZATION_LEVEL = 0;
				GCC_PREPROCESSOR_DEFINITIONS = (
					"DEBUG=1",
					"$(inherited)",
				);
				GCC_WARN_64_TO_32_BIT_CONVERSION = YES;
				GCC_WARN_ABOUT_RETURN_TYPE = YES_ERROR;
				GCC_WARN_UNDECLARED_SELECTOR = YES;
				GCC_WARN_UNINITIALIZED_AUTOS = YES_AGGRESSIVE;
				GCC_WARN_UNUSED_FUNCTION = YES;
				GCC_WARN_UNUSED_VARIABLE = YES;
				IPHONEOS_DEPLOYMENT_TARGET = 16.1;
				MTL_ENABLE_DEBUG_INFO = INCLUDE_SOURCE;
				MTL_FAST_MATH = YES;
				ONLY_ACTIVE_ARCH = YES;
				SDKROOT = iphoneos;
				SWIFT_ACTIVE_COMPILATION_CONDITIONS = DEBUG;
				SWIFT_OPTIMIZATION_LEVEL = "-Onone";
			};
			name = Debug;
		};
		111A498E293FBB9100035258 /* Release */ = {
			isa = XCBuildConfiguration;
			buildSettings = {
				ALWAYS_SEARCH_USER_PATHS = NO;
				CLANG_ANALYZER_NONNULL = YES;
				CLANG_ANALYZER_NUMBER_OBJECT_CONVERSION = YES_AGGRESSIVE;
				CLANG_CXX_LANGUAGE_STANDARD = "gnu++20";
				CLANG_ENABLE_MODULES = YES;
				CLANG_ENABLE_OBJC_ARC = YES;
				CLANG_ENABLE_OBJC_WEAK = YES;
				CLANG_WARN_BLOCK_CAPTURE_AUTORELEASING = YES;
				CLANG_WARN_BOOL_CONVERSION = YES;
				CLANG_WARN_COMMA = YES;
				CLANG_WARN_CONSTANT_CONVERSION = YES;
				CLANG_WARN_DEPRECATED_OBJC_IMPLEMENTATIONS = YES;
				CLANG_WARN_DIRECT_OBJC_ISA_USAGE = YES_ERROR;
				CLANG_WARN_DOCUMENTATION_COMMENTS = YES;
				CLANG_WARN_EMPTY_BODY = YES;
				CLANG_WARN_ENUM_CONVERSION = YES;
				CLANG_WARN_INFINITE_RECURSION = YES;
				CLANG_WARN_INT_CONVERSION = YES;
				CLANG_WARN_NON_LITERAL_NULL_CONVERSION = YES;
				CLANG_WARN_OBJC_IMPLICIT_RETAIN_SELF = YES;
				CLANG_WARN_OBJC_LITERAL_CONVERSION = YES;
				CLANG_WARN_OBJC_ROOT_CLASS = YES_ERROR;
				CLANG_WARN_QUOTED_INCLUDE_IN_FRAMEWORK_HEADER = YES;
				CLANG_WARN_RANGE_LOOP_ANALYSIS = YES;
				CLANG_WARN_STRICT_PROTOTYPES = YES;
				CLANG_WARN_SUSPICIOUS_MOVE = YES;
				CLANG_WARN_UNGUARDED_AVAILABILITY = YES_AGGRESSIVE;
				CLANG_WARN_UNREACHABLE_CODE = YES;
				CLANG_WARN__DUPLICATE_METHOD_MATCH = YES;
				COPY_PHASE_STRIP = NO;
				DEBUG_INFORMATION_FORMAT = "dwarf-with-dsym";
				ENABLE_NS_ASSERTIONS = NO;
				ENABLE_STRICT_OBJC_MSGSEND = YES;
				GCC_C_LANGUAGE_STANDARD = gnu11;
				GCC_NO_COMMON_BLOCKS = YES;
				GCC_WARN_64_TO_32_BIT_CONVERSION = YES;
				GCC_WARN_ABOUT_RETURN_TYPE = YES_ERROR;
				GCC_WARN_UNDECLARED_SELECTOR = YES;
				GCC_WARN_UNINITIALIZED_AUTOS = YES_AGGRESSIVE;
				GCC_WARN_UNUSED_FUNCTION = YES;
				GCC_WARN_UNUSED_VARIABLE = YES;
				IPHONEOS_DEPLOYMENT_TARGET = 16.1;
				MTL_ENABLE_DEBUG_INFO = NO;
				MTL_FAST_MATH = YES;
				SDKROOT = iphoneos;
				SWIFT_COMPILATION_MODE = wholemodule;
				SWIFT_OPTIMIZATION_LEVEL = "-O";
				VALIDATE_PRODUCT = YES;
			};
			name = Release;
		};
		111A4990293FBB9100035258 /* Debug */ = {
			isa = XCBuildConfiguration;
			buildSettings = {
				ASSETCATALOG_COMPILER_APPICON_NAME = AppIcon;
				ASSETCATALOG_COMPILER_GLOBAL_ACCENT_COLOR_NAME = AccentColor;
				CODE_SIGN_STYLE = Automatic;
				CURRENT_PROJECT_VERSION = 1;
				DEVELOPMENT_ASSET_PATHS = "\"Pruebas GitHub/Preview Content\"";
				DEVELOPMENT_TEAM = J8KB6W4493;
				ENABLE_PREVIEWS = YES;
				GENERATE_INFOPLIST_FILE = YES;
				INFOPLIST_KEY_UIApplicationSceneManifest_Generation = YES;
				INFOPLIST_KEY_UIApplicationSupportsIndirectInputEvents = YES;
				INFOPLIST_KEY_UILaunchScreen_Generation = YES;
				INFOPLIST_KEY_UISupportedInterfaceOrientations_iPad = "UIInterfaceOrientationPortrait UIInterfaceOrientationPortraitUpsideDown UIInterfaceOrientationLandscapeLeft UIInterfaceOrientationLandscapeRight";
				INFOPLIST_KEY_UISupportedInterfaceOrientations_iPhone = "UIInterfaceOrientationPortrait UIInterfaceOrientationLandscapeLeft UIInterfaceOrientationLandscapeRight";
				LD_RUNPATH_SEARCH_PATHS = (
					"$(inherited)",
					"@executable_path/Frameworks",
				);
				MARKETING_VERSION = 1.0;
				PRODUCT_BUNDLE_IDENTIFIER = "com.promedi.Pruebas-GitHub";
				PRODUCT_NAME = "$(TARGET_NAME)";
				SWIFT_EMIT_LOC_STRINGS = YES;
				SWIFT_VERSION = 5.0;
				TARGETED_DEVICE_FAMILY = "1,2";
			};
			name = Debug;
		};
		111A4991293FBB9100035258 /* Release */ = {
			isa = XCBuildConfiguration;
			buildSettings = {
				ASSETCATALOG_COMPILER_APPICON_NAME = AppIcon;
				ASSETCATALOG_COMPILER_GLOBAL_ACCENT_COLOR_NAME = AccentColor;
				CODE_SIGN_STYLE = Automatic;
				CURRENT_PROJECT_VERSION = 1;
				DEVELOPMENT_ASSET_PATHS = "\"Pruebas GitHub/Preview Content\"";
				DEVELOPMENT_TEAM = J8KB6W4493;
				ENABLE_PREVIEWS = YES;
				GENERATE_INFOPLIST_FILE = YES;
				INFOPLIST_KEY_UIApplicationSceneManifest_Generation = YES;
				INFOPLIST_KEY_UIApplicationSupportsIndirectInputEvents = YES;
				INFOPLIST_KEY_UILaunchScreen_Generation = YES;
				INFOPLIST_KEY_UISupportedInterfaceOrientations_iPad = "UIInterfaceOrientationPortrait UIInterfaceOrientationPortraitUpsideDown UIInterfaceOrientationLandscapeLeft UIInterfaceOrientationLandscapeRight";
				INFOPLIST_KEY_UISupportedInterfaceOrientations_iPhone = "UIInterfaceOrientationPortrait UIInterfaceOrientationLandscapeLeft UIInterfaceOrientationLandscapeRight";
				LD_RUNPATH_SEARCH_PATHS = (
					"$(inherited)",
					"@executable_path/Frameworks",
				);
				MARKETING_VERSION = 1.0;
				PRODUCT_BUNDLE_IDENTIFIER = "com.promedi.Pruebas-GitHub";
				PRODUCT_NAME = "$(TARGET_NAME)";
				SWIFT_EMIT_LOC_STRINGS = YES;
				SWIFT_VERSION = 5.0;
				TARGETED_DEVICE_FAMILY = "1,2";
			};
			name = Release;
		};
		111A4993293FBB9100035258 /* Debug */ = {
			isa = XCBuildConfiguration;
			buildSettings = {
				ALWAYS_EMBED_SWIFT_STANDARD_LIBRARIES = YES;
				BUNDLE_LOADER = "$(TEST_HOST)";
				CODE_SIGN_STYLE = Automatic;
				CURRENT_PROJECT_VERSION = 1;
				DEVELOPMENT_TEAM = J8KB6W4493;
				GENERATE_INFOPLIST_FILE = YES;
				IPHONEOS_DEPLOYMENT_TARGET = 16.1;
				MARKETING_VERSION = 1.0;
				PRODUCT_BUNDLE_IDENTIFIER = "com.promedi.Pruebas-GitHubTests";
				PRODUCT_NAME = "$(TARGET_NAME)";
				SWIFT_EMIT_LOC_STRINGS = NO;
				SWIFT_VERSION = 5.0;
				TARGETED_DEVICE_FAMILY = "1,2";
				TEST_HOST = "$(BUILT_PRODUCTS_DIR)/Pruebas GitHub.app/$(BUNDLE_EXECUTABLE_FOLDER_PATH)/Pruebas GitHub";
			};
			name = Debug;
		};
		111A4994293FBB9100035258 /* Release */ = {
			isa = XCBuildConfiguration;
			buildSettings = {
				ALWAYS_EMBED_SWIFT_STANDARD_LIBRARIES = YES;
				BUNDLE_LOADER = "$(TEST_HOST)";
				CODE_SIGN_STYLE = Automatic;
				CURRENT_PROJECT_VERSION = 1;
				DEVELOPMENT_TEAM = J8KB6W4493;
				GENERATE_INFOPLIST_FILE = YES;
				IPHONEOS_DEPLOYMENT_TARGET = 16.1;
				MARKETING_VERSION = 1.0;
				PRODUCT_BUNDLE_IDENTIFIER = "com.promedi.Pruebas-GitHubTests";
				PRODUCT_NAME = "$(TARGET_NAME)";
				SWIFT_EMIT_LOC_STRINGS = NO;
				SWIFT_VERSION = 5.0;
				TARGETED_DEVICE_FAMILY = "1,2";
				TEST_HOST = "$(BUILT_PRODUCTS_DIR)/Pruebas GitHub.app/$(BUNDLE_EXECUTABLE_FOLDER_PATH)/Pruebas GitHub";
			};
			name = Release;
		};
		111A4996293FBB9100035258 /* Debug */ = {
			isa = XCBuildConfiguration;
			buildSettings = {
				ALWAYS_EMBED_SWIFT_STANDARD_LIBRARIES = YES;
				CODE_SIGN_STYLE = Automatic;
				CURRENT_PROJECT_VERSION = 1;
				DEVELOPMENT_TEAM = J8KB6W4493;
				GENERATE_INFOPLIST_FILE = YES;
				MARKETING_VERSION = 1.0;
				PRODUCT_BUNDLE_IDENTIFIER = "com.promedi.Pruebas-GitHubUITests";
				PRODUCT_NAME = "$(TARGET_NAME)";
				SWIFT_EMIT_LOC_STRINGS = NO;
				SWIFT_VERSION = 5.0;
				TARGETED_DEVICE_FAMILY = "1,2";
				TEST_TARGET_NAME = "Pruebas GitHub";
			};
			name = Debug;
		};
		111A4997293FBB9100035258 /* Release */ = {
			isa = XCBuildConfiguration;
			buildSettings = {
				ALWAYS_EMBED_SWIFT_STANDARD_LIBRARIES = YES;
				CODE_SIGN_STYLE = Automatic;
				CURRENT_PROJECT_VERSION = 1;
				DEVELOPMENT_TEAM = J8KB6W4493;
				GENERATE_INFOPLIST_FILE = YES;
				MARKETING_VERSION = 1.0;
				PRODUCT_BUNDLE_IDENTIFIER = "com.promedi.Pruebas-GitHubUITests";
				PRODUCT_NAME = "$(TARGET_NAME)";
				SWIFT_EMIT_LOC_STRINGS = NO;
				SWIFT_VERSION = 5.0;
				TARGETED_DEVICE_FAMILY = "1,2";
				TEST_TARGET_NAME = "Pruebas GitHub";
			};
			name = Release;
		};
/* End XCBuildConfiguration section */

/* Begin XCConfigurationList section */
		111A4961293FBB8D00035258 /* Build configuration list for PBXProject "Pruebas GitHub" */ = {
			isa = XCConfigurationList;
			buildConfigurations = (
				111A498D293FBB9100035258 /* Debug */,
				111A498E293FBB9100035258 /* Release */,
			);
			defaultConfigurationIsVisible = 0;
			defaultConfigurationName = Release;
		};
		111A498F293FBB9100035258 /* Build configuration list for PBXNativeTarget "Pruebas GitHub" */ = {
			isa = XCConfigurationList;
			buildConfigurations = (
				111A4990293FBB9100035258 /* Debug */,
				111A4991293FBB9100035258 /* Release */,
			);
			defaultConfigurationIsVisible = 0;
			defaultConfigurationName = Release;
		};
		111A4992293FBB9100035258 /* Build configuration list for PBXNativeTarget "Pruebas GitHubTests" */ = {
			isa = XCConfigurationList;
			buildConfigurations = (
				111A4993293FBB9100035258 /* Debug */,
				111A4994293FBB9100035258 /* Release */,
			);
			defaultConfigurationIsVisible = 0;
			defaultConfigurationName = Release;
		};
		111A4995293FBB9100035258 /* Build configuration list for PBXNativeTarget "Pruebas GitHubUITests" */ = {
			isa = XCConfigurationList;
			buildConfigurations = (
				111A4996293FBB9100035258 /* Debug */,
				111A4997293FBB9100035258 /* Release */,
			);
			defaultConfigurationIsVisible = 0;
			defaultConfigurationName = Release;
		};
/* End XCConfigurationList section */

/* Begin XCVersionGroup section */
		111A4974293FBB9100035258 /* Pruebas_GitHub.xcdatamodeld */ = {
			isa = XCVersionGroup;
			children = (
				111A4975293FBB9100035258 /* Pruebas_GitHub.xcdatamodel */,
			);
			currentVersion = 111A4975293FBB9100035258 /* Pruebas_GitHub.xcdatamodel */;
			path = Pruebas_GitHub.xcdatamodeld;
			sourceTree = "<group>";
			versionGroupType = wrapper.xcdatamodel;
		};
/* End XCVersionGroup section */
	};
	rootObject = 111A495E293FBB8D00035258 /* Project object */;
}
